
Microsoft Visual Studio Solution File, Format Version 12.00
# Visual Studio Version 16
VisualStudioVersion = 16.0.31313.79
MinimumVisualStudioVersion = 10.0.40219.1
Project("{9A19103F-16F7-4668-BE54-9A1E7A4F7556}") = "SatTrack.Service", "SatTrack\SatTrack.Service.csproj", "{66B95F0C-F468-438B-82C5-C52CEB26562D}"
EndProject
Project("{FAE04EC0-301F-11D3-BF4B-00C04F79EFBC}") = "SatTrack.Data", "SatTrack.Data\SatTrack.Data.csproj", "{38AF904A-DB4C-4E20-9DD1-32BC86B34A64}"
EndProject
Global
	GlobalSection(SolutionConfigurationPlatforms) = preSolution
		Debug|Any CPU = Debug|Any CPU
		Release|Any CPU = Release|Any CPU
	EndGlobalSection
	GlobalSection(ProjectConfigurationPlatforms) = postSolution
		{66B95F0C-F468-438B-82C5-C52CEB26562D}.Debug|Any CPU.ActiveCfg = Debug|Any CPU
		{66B95F0C-F468-438B-82C5-C52CEB26562D}.Debug|Any CPU.Build.0 = Debug|Any CPU
		{66B95F0C-F468-438B-82C5-C52CEB26562D}.Release|Any CPU.ActiveCfg = Release|Any CPU
		{66B95F0C-F468-438B-82C5-C52CEB26562D}.Release|Any CPU.Build.0 = Release|Any CPU
		{38AF904A-DB4C-4E20-9DD1-32BC86B34A64}.Debug|Any CPU.ActiveCfg = Debug|Any CPU
		{38AF904A-DB4C-4E20-9DD1-32BC86B34A64}.Debug|Any CPU.Build.0 = Debug|Any CPU
		{38AF904A-DB4C-4E20-9DD1-32BC86B34A64}.Release|Any CPU.ActiveCfg = Release|Any CPU
		{38AF904A-DB4C-4E20-9DD1-32BC86B34A64}.Release|Any CPU.Build.0 = Release|Any CPU
	EndGlobalSection
	GlobalSection(SolutionProperties) = preSolution
		HideSolutionNode = FALSE
	EndGlobalSection
	GlobalSection(ExtensibilityGlobals) = postSolution
		SolutionGuid = {CD269A99-D58B-45A0-A52B-64002F4F1A51}
	EndGlobalSection
EndGlobal
